{
  "name": "egghunt",
  "version": "1.0.0",
  "lockfileVersion": 3,
  "requires": true,
  "packages": {
    "": {
      "name": "egghunt",
      "version": "1.0.0",
      "devDependencies": {
        "typescript": "^5.5.3"
      }
    },
    "apps/backend": {
      "version": "1.0.0",
      "extraneous": true,
      "dependencies": {
        "express": "^4.19.2"
      },
      "devDependencies": {
        "@types/express": "^4.17.21",
        "@types/node": "^20.14.2",
        "nodemon": "^3.1.4",
        "ts-node": "^10.9.2",
        "typescript": "^5.5.2"
      }
    },
    "apps/frontend": {
      "version": "0.0.0",
      "extraneous": true,
      "dependencies": {
        "react": "^18.2.0",
        "react-dom": "^18.2.0"
      },
      "devDependencies": {
        "@types/react": "^18.2.66",
        "@types/react-dom": "^18.2.22",
        "@vitejs/plugin-react": "^4.2.1",
        "typescript": "^5.2.2",
        "vite": "^5.2.0"
      }
    },
    "node_modules/typescript": {
      "version": "5.8.3",
      "dev": true,
      "license": "Apache-2.0",
      "bin": {
        "tsc": "bin/tsc",
        "tsserver": "bin/tsserver"
      },
      "engines": {
        "node": ">=14.17"
      }
    }
  }
}
